<?xml version="1.0" encoding="utf-8"?>
<Project ToolsVersion="4.0" xmlns="http://schemas.microsoft.com/developer/msbuild/2003">
  <ItemGroup>
    <Filter Include="reyes">
      <UniqueIdentifier>{94e09b13-4988-47b9-8eb1-ddbc96d9fa3b}</UniqueIdentifier>
    </Filter>
    <Filter Include="reyes\core">
      <UniqueIdentifier>{e89e5ce4-8f0c-44a4-8b04-3c4883905997}</UniqueIdentifier>
    </Filter>
  </ItemGroup>
  <ItemGroup>
    <ClCompile Include="core.cpp">
      <Filter>reyes\core</Filter>
    </ClCompile>
    <ClCompile Include="main.cpp" />
  </ItemGroup>
  <ItemGroup>
    <ClInclude Include="mem.hpp">
      <Filter>reyes\core</Filter>
    </ClInclude>
    <ClInclude Include="shape.hpp">
      <Filter>reyes</Filter>
    </ClInclude>
    <ClInclude Include="core.h">
      <Filter>reyes\core</Filter>
    </ClInclude>
    <ClInclude Include="camera.hpp">
      <Filter>reyes</Filter>
    </ClInclude>
    <ClInclude Include="vecmx.hpp">
      <Filter>reyes</Filter>
    </ClInclude>
    <ClInclude Include="pipeline.hpp">
      <Filter>reyes</Filter>
    </ClInclude>
    <ClInclude Include="image.hpp">
      <Filter>reyes</Filter>
    </ClInclude>
    <ClInclude Include="grid.hpp">
      <Filter>reyes</Filter>
    </ClInclude>
    <ClInclude Include="primitive.hpp">
      <Filter>reyes</Filter>
    </ClInclude>
  </ItemGroup>
</Project>