<?xml version="1.0" encoding="utf-8"?>
<Project ToolsVersion="4.0" xmlns="http://schemas.microsoft.com/developer/msbuild/2003">
  <ItemGroup>
    <Filter Include="app">
      <UniqueIdentifier>{94e09b13-4988-47b9-8eb1-ddbc96d9fa3b}</UniqueIdentifier>
    </Filter>
    <Filter Include="app\core">
      <UniqueIdentifier>{e89e5ce4-8f0c-44a4-8b04-3c4883905997}</UniqueIdentifier>
    </Filter>
    <Filter Include="app\reyes">
      <UniqueIdentifier>{bb2fdb06-1b53-4afb-bf99-bfc9945ed30b}</UniqueIdentifier>
    </Filter>
    <Filter Include="app\reyes\camera">
      <UniqueIdentifier>{04280ec0-5dbe-4259-a361-87e8f8025da8}</UniqueIdentifier>
    </Filter>
    <Filter Include="app\reyes\camera\films">
      <UniqueIdentifier>{be965d2c-0552-41c4-a0a8-b9b4c422ee18}</UniqueIdentifier>
    </Filter>
    <Filter Include="app\reyes\misc">
      <UniqueIdentifier>{19cb3b84-5472-42af-bb77-10a8c5fbe678}</UniqueIdentifier>
    </Filter>
    <Filter Include="app\reyes\lib">
      <UniqueIdentifier>{1946201c-c8d0-4632-b4de-b2379846de82}</UniqueIdentifier>
    </Filter>
    <Filter Include="app\reyes\lib\lights">
      <UniqueIdentifier>{d65b093e-4a27-4532-b58b-98826dda6092}</UniqueIdentifier>
    </Filter>
    <Filter Include="app\reyes\lib\shapes">
      <UniqueIdentifier>{895735d6-3ced-4a54-bf73-f76900fc7fb2}</UniqueIdentifier>
    </Filter>
    <Filter Include="app\reyes\lib\materials">
      <UniqueIdentifier>{032365f0-8433-46b5-8697-c6c7c47aaa5a}</UniqueIdentifier>
    </Filter>
    <Filter Include="app\reyes\lib\samplers">
      <UniqueIdentifier>{2aeec2d6-3dcd-4d02-9483-cdcf7a12c0c6}</UniqueIdentifier>
    </Filter>
  </ItemGroup>
  <ItemGroup>
    <ClCompile Include="main.cpp" />
    <ClCompile Include="color.hpp">
      <Filter>app\reyes\misc</Filter>
    </ClCompile>
  </ItemGroup>
  <ItemGroup>
    <ClInclude Include="mem.hpp">
      <Filter>app\core</Filter>
    </ClInclude>
    <ClInclude Include="grid.hpp">
      <Filter>app\reyes</Filter>
    </ClInclude>
    <ClInclude Include="primitive.hpp">
      <Filter>app\reyes</Filter>
    </ClInclude>
    <ClInclude Include="pipeline.hpp">
      <Filter>app\reyes</Filter>
    </ClInclude>
    <ClInclude Include="camera.hpp">
      <Filter>app\reyes\camera</Filter>
    </ClInclude>
    <ClInclude Include="vecmx.hpp">
      <Filter>app\reyes\misc</Filter>
    </ClInclude>
    <ClInclude Include="backend.hpp">
      <Filter>app\core</Filter>
    </ClInclude>
    <ClInclude Include="scene.hpp">
      <Filter>app\reyes</Filter>
    </ClInclude>
    <ClInclude Include="sphere.hpp">
      <Filter>app\reyes\lib\shapes</Filter>
    </ClInclude>
    <ClInclude Include="disc.hpp">
      <Filter>app\reyes\lib\shapes</Filter>
    </ClInclude>
    <ClInclude Include="klein.hpp">
      <Filter>app\reyes\lib\shapes</Filter>
    </ClInclude>
    <ClInclude Include="cpufilm.hpp">
      <Filter>app\reyes\camera\films</Filter>
    </ClInclude>
    <ClInclude Include="film.hpp">
      <Filter>app\reyes\camera</Filter>
    </ClInclude>
    <ClInclude Include="oglfilm.hpp">
      <Filter>app\reyes\camera\films</Filter>
    </ClInclude>
    <ClInclude Include="plane.hpp">
      <Filter>app\reyes\lib\shapes</Filter>
    </ClInclude>
    <ClInclude Include="shading.hpp">
      <Filter>app\reyes</Filter>
    </ClInclude>
    <ClInclude Include="pointlight.hpp">
      <Filter>app\reyes\lib\lights</Filter>
    </ClInclude>
    <ClInclude Include="directionalight.hpp">
      <Filter>app\reyes\lib\lights</Filter>
    </ClInclude>
    <ClInclude Include="shlight.hpp">
      <Filter>app\reyes\lib\lights</Filter>
    </ClInclude>
    <ClInclude Include="depthmat.hpp">
      <Filter>app\reyes\lib\materials</Filter>
    </ClInclude>
    <ClInclude Include="lambertmat.hpp">
      <Filter>app\reyes\lib\materials</Filter>
    </ClInclude>
    <ClInclude Include="normalmat.hpp">
      <Filter>app\reyes\lib\materials</Filter>
    </ClInclude>
    <ClInclude Include="uvmat.hpp">
      <Filter>app\reyes\lib\materials</Filter>
    </ClInclude>
    <ClInclude Include="solidcolormat.hpp">
      <Filter>app\reyes\lib\materials</Filter>
    </ClInclude>
    <ClInclude Include="samplermat.hpp">
      <Filter>app\reyes\lib\materials</Filter>
    </ClInclude>
    <ClInclude Include="shape.hpp">
      <Filter>app\reyes</Filter>
    </ClInclude>
    <ClInclude Include="displacementmat.hpp">
      <Filter>app\reyes\lib\materials</Filter>
    </ClInclude>
    <ClInclude Include="bmpsampler.hpp">
      <Filter>app\reyes\lib\samplers</Filter>
    </ClInclude>
    <ClInclude Include="sincossampler.hpp">
      <Filter>app\reyes\lib\samplers</Filter>
    </ClInclude>
    <ClInclude Include="bezier16.hpp">
      <Filter>app\reyes\lib\shapes</Filter>
    </ClInclude>
    <ClInclude Include="litmat.hpp">
      <Filter>app\reyes\lib\materials</Filter>
    </ClInclude>
    <ClInclude Include="teapot.hpp">
      <Filter>app\reyes\lib\shapes</Filter>
    </ClInclude>
    <ClInclude Include="mat.hpp">
      <Filter>app\reyes</Filter>
    </ClInclude>
    <ClInclude Include="settings.hpp">
      <Filter>app\reyes</Filter>
    </ClInclude>
    <ClInclude Include="event.hpp">
      <Filter>app\core</Filter>
    </ClInclude>
    <ClInclude Include="mutex.hpp">
      <Filter>app\core</Filter>
    </ClInclude>
    <ClInclude Include="thread.hpp">
      <Filter>app\core</Filter>
    </ClInclude>
    <ClInclude Include="task.hpp">
      <Filter>app\core</Filter>
    </ClInclude>
    <ClInclude Include="worker.hpp">
      <Filter>app\core</Filter>
    </ClInclude>
    <ClInclude Include="taskqueue.hpp">
      <Filter>app\core</Filter>
    </ClInclude>
    <ClInclude Include="renderer.hpp">
      <Filter>app\reyes</Filter>
    </ClInclude>
  </ItemGroup>
</Project>